{
    "_readme": [
        "This file locks the dependencies of your project to a known state",
        "Read more about it at https://getcomposer.org/doc/01-basic-usage.md#composer-lock-the-lock-file",
        "This file is @generated automatically"
    ],
    "hash": "0315ecdc88344d2088b0224c99b64117",
    "content-hash": "c3a148b65a9b1af6ac1d54a64115abd8",
    "packages": [],
    "packages-dev": [],
    "aliases": [],
    "minimum-stability": "stable",
    "stability-flags": {
        "php": 10
    },
    "prefer-stable": false,
    "prefer-lowest": false,
    "platform": {
        "php": "~7.0@beta"
    },
    "platform-dev": []
}
